# THIS IS AN AUTOGENERATED FILE. DO NOT EDIT THIS FILE DIRECTLY.
# yarn lockfile v1


"@dcloudio/types@^3.0.15":
  version "3.0.15"
  resolved "https://registry.yarnpkg.com/@dcloudio/types/-/types-3.0.15.tgz#ec72fadb8b276c9e35f97ff74af7cd3170301118"
  integrity sha512-3ngPB4X1Nql8OxWn3sjXgGYAB57mPnAzzmlOBv1nppYGJMD/Hn/oet1LUK72IdJKxiCU5kMBftWylDPQAx6Y7g==

typescript@^4.8.3:
  version "4.8.3"
  resolved "https://registry.yarnpkg.com/typescript/-/typescript-4.8.3.tgz#d59344522c4bc464a65a730ac695007fdb66dd88"
  integrity sha512-goMHfm00nWPa8UvR/CPSvykqf6dVV8x/dp0c5mFTMTIu0u0FlGWRioyy7Nn0PGAdHxpJZnuO/ut+PpQ8UiHAig==
